
Microsoft Visual Studio Solution File, Format Version 12.00
# Visual Studio 15
VisualStudioVersion = 15.0.27703.2035
MinimumVisualStudioVersion = 10.0.40219.1
Project("{FAE04EC0-301F-11D3-BF4B-00C04F79EFBC}") = "AppBarberia.Android", "AppBarberia\AppBarberia.Android\AppBarberia.Android.csproj", "{E33402CD-D760-42F9-8C22-503866CC1BE1}"
EndProject
Project("{FAE04EC0-301F-11D3-BF4B-00C04F79EFBC}") = "AppBarberia.iOS", "AppBarberia\AppBarberia.iOS\AppBarberia.iOS.csproj", "{2C36D4E1-E51D-4903-88DD-31E5A6D7F5D0}"
EndProject
Project("{FAE04EC0-301F-11D3-BF4B-00C04F79EFBC}") = "AppBarberia", "AppBarberia\AppBarberia\AppBarberia.csproj", "{37E0DB04-140A-4575-A387-2FDCB30C81FC}"
EndProject
Global
	GlobalSection(SolutionConfigurationPlatforms) = preSolution
		Ad-Hoc|Any CPU = Ad-Hoc|Any CPU
		Ad-Hoc|iPhone = Ad-Hoc|iPhone
		Ad-Hoc|iPhoneSimulator = Ad-Hoc|iPhoneSimulator
		AppStore|Any CPU = AppStore|Any CPU
		AppStore|iPhone = AppStore|iPhone
		AppStore|iPhoneSimulator = AppStore|iPhoneSimulator
		Debug|Any CPU = Debug|Any CPU
		Debug|iPhone = Debug|iPhone
		Debug|iPhoneSimulator = Debug|iPhoneSimulator
		Release|Any CPU = Release|Any CPU
		Release|iPhone = Release|iPhone
		Release|iPhoneSimulator = Release|iPhoneSimulator
	EndGlobalSection
	GlobalSection(ProjectConfigurationPlatforms) = postSolution
		{E33402CD-D760-42F9-8C22-503866CC1BE1}.Ad-Hoc|Any CPU.ActiveCfg = Release|Any CPU
		{E33402CD-D760-42F9-8C22-503866CC1BE1}.Ad-Hoc|Any CPU.Build.0 = Release|Any CPU
		{E33402CD-D760-42F9-8C22-503866CC1BE1}.Ad-Hoc|Any CPU.Deploy.0 = Release|Any CPU
		{E33402CD-D760-42F9-8C22-503866CC1BE1}.Ad-Hoc|iPhone.ActiveCfg = Release|Any CPU
		{E33402CD-D760-42F9-8C22-503866CC1BE1}.Ad-Hoc|iPhone.Build.0 = Release|Any CPU
		{E33402CD-D760-42F9-8C22-503866CC1BE1}.Ad-Hoc|iPhone.Deploy.0 = Release|Any CPU
		{E33402CD-D760-42F9-8C22-503866CC1BE1}.Ad-Hoc|iPhoneSimulator.ActiveCfg = Release|Any CPU
		{E33402CD-D760-42F9-8C22-503866CC1BE1}.Ad-Hoc|iPhoneSimulator.Build.0 = Release|Any CPU
		{E33402CD-D760-42F9-8C22-503866CC1BE1}.Ad-Hoc|iPhoneSimulator.Deploy.0 = Release|Any CPU
		{E33402CD-D760-42F9-8C22-503866CC1BE1}.AppStore|Any CPU.ActiveCfg = Release|Any CPU
		{E33402CD-D760-42F9-8C22-503866CC1BE1}.AppStore|Any CPU.Build.0 = Release|Any CPU
		{E33402CD-D760-42F9-8C22-503866CC1BE1}.AppStore|Any CPU.Deploy.0 = Release|Any CPU
		{E33402CD-D760-42F9-8C22-503866CC1BE1}.AppStore|iPhone.ActiveCfg = Release|Any CPU
		{E33402CD-D760-42F9-8C22-503866CC1BE1}.AppStore|iPhone.Build.0 = Release|Any CPU
		{E33402CD-D760-42F9-8C22-503866CC1BE1}.AppStore|iPhone.Deploy.0 = Release|Any CPU
		{E33402CD-D760-42F9-8C22-503866CC1BE1}.AppStore|iPhoneSimulator.ActiveCfg = Release|Any CPU
		{E33402CD-D760-42F9-8C22-503866CC1BE1}.AppStore|iPhoneSimulator.Build.0 = Release|Any CPU
		{E33402CD-D760-42F9-8C22-503866CC1BE1}.AppStore|iPhoneSimulator.Deploy.0 = Release|Any CPU
		{E33402CD-D760-42F9-8C22-503866CC1BE1}.Debug|Any CPU.ActiveCfg = Debug|Any CPU
		{E33402CD-D760-42F9-8C22-503866CC1BE1}.Debug|Any CPU.Build.0 = Debug|Any CPU
		{E33402CD-D760-42F9-8C22-503866CC1BE1}.Debug|Any CPU.Deploy.0 = Debug|Any CPU
		{E33402CD-D760-42F9-8C22-503866CC1BE1}.Debug|iPhone.ActiveCfg = Debug|Any CPU
		{E33402CD-D760-42F9-8C22-503866CC1BE1}.Debug|iPhone.Build.0 = Debug|Any CPU
		{E33402CD-D760-42F9-8C22-503866CC1BE1}.Debug|iPhone.Deploy.0 = Debug|Any CPU
		{E33402CD-D760-42F9-8C22-503866CC1BE1}.Debug|iPhoneSimulator.ActiveCfg = Debug|Any CPU
		{E33402CD-D760-42F9-8C22-503866CC1BE1}.Debug|iPhoneSimulator.Build.0 = Debug|Any CPU
		{E33402CD-D760-42F9-8C22-503866CC1BE1}.Debug|iPhoneSimulator.Deploy.0 = Debug|Any CPU
		{E33402CD-D760-42F9-8C22-503866CC1BE1}.Release|Any CPU.ActiveCfg = Release|Any CPU
		{E33402CD-D760-42F9-8C22-503866CC1BE1}.Release|Any CPU.Build.0 = Release|Any CPU
		{E33402CD-D760-42F9-8C22-503866CC1BE1}.Release|Any CPU.Deploy.0 = Release|Any CPU
		{E33402CD-D760-42F9-8C22-503866CC1BE1}.Release|iPhone.ActiveCfg = Release|Any CPU
		{E33402CD-D760-42F9-8C22-503866CC1BE1}.Release|iPhone.Build.0 = Release|Any CPU
		{E33402CD-D760-42F9-8C22-503866CC1BE1}.Release|iPhone.Deploy.0 = Release|Any CPU
		{E33402CD-D760-42F9-8C22-503866CC1BE1}.Release|iPhoneSimulator.ActiveCfg = Release|Any CPU
		{E33402CD-D760-42F9-8C22-503866CC1BE1}.Release|iPhoneSimulator.Build.0 = Release|Any CPU
		{E33402CD-D760-42F9-8C22-503866CC1BE1}.Release|iPhoneSimulator.Deploy.0 = Release|Any CPU
		{2C36D4E1-E51D-4903-88DD-31E5A6D7F5D0}.Ad-Hoc|Any CPU.ActiveCfg = Ad-Hoc|iPhone
		{2C36D4E1-E51D-4903-88DD-31E5A6D7F5D0}.Ad-Hoc|Any CPU.Build.0 = Ad-Hoc|iPhone
		{2C36D4E1-E51D-4903-88DD-31E5A6D7F5D0}.Ad-Hoc|Any CPU.Deploy.0 = Ad-Hoc|iPhone
		{2C36D4E1-E51D-4903-88DD-31E5A6D7F5D0}.Ad-Hoc|iPhone.ActiveCfg = Ad-Hoc|iPhone
		{2C36D4E1-E51D-4903-88DD-31E5A6D7F5D0}.Ad-Hoc|iPhone.Build.0 = Ad-Hoc|iPhone
		{2C36D4E1-E51D-4903-88DD-31E5A6D7F5D0}.Ad-Hoc|iPhone.Deploy.0 = Ad-Hoc|iPhone
		{2C36D4E1-E51D-4903-88DD-31E5A6D7F5D0}.Ad-Hoc|iPhoneSimulator.ActiveCfg = Ad-Hoc|iPhoneSimulator
		{2C36D4E1-E51D-4903-88DD-31E5A6D7F5D0}.Ad-Hoc|iPhoneSimulator.Build.0 = Ad-Hoc|iPhoneSimulator
		{2C36D4E1-E51D-4903-88DD-31E5A6D7F5D0}.Ad-Hoc|iPhoneSimulator.Deploy.0 = Ad-Hoc|iPhoneSimulator
		{2C36D4E1-E51D-4903-88DD-31E5A6D7F5D0}.AppStore|Any CPU.ActiveCfg = AppStore|iPhone
		{2C36D4E1-E51D-4903-88DD-31E5A6D7F5D0}.AppStore|Any CPU.Build.0 = AppStore|iPhone
		{2C36D4E1-E51D-4903-88DD-31E5A6D7F5D0}.AppStore|Any CPU.Deploy.0 = AppStore|iPhone
		{2C36D4E1-E51D-4903-88DD-31E5A6D7F5D0}.AppStore|iPhone.ActiveCfg = AppStore|iPhone
		{2C36D4E1-E51D-4903-88DD-31E5A6D7F5D0}.AppStore|iPhone.Build.0 = AppStore|iPhone
		{2C36D4E1-E51D-4903-88DD-31E5A6D7F5D0}.AppStore|iPhone.Deploy.0 = AppStore|iPhone
		{2C36D4E1-E51D-4903-88DD-31E5A6D7F5D0}.AppStore|iPhoneSimulator.ActiveCfg = AppStore|iPhoneSimulator
		{2C36D4E1-E51D-4903-88DD-31E5A6D7F5D0}.AppStore|iPhoneSimulator.Build.0 = AppStore|iPhoneSimulator
		{2C36D4E1-E51D-4903-88DD-31E5A6D7F5D0}.AppStore|iPhoneSimulator.Deploy.0 = AppStore|iPhoneSimulator
		{2C36D4E1-E51D-4903-88DD-31E5A6D7F5D0}.Debug|Any CPU.ActiveCfg = Debug|iPhoneSimulator
		{2C36D4E1-E51D-4903-88DD-31E5A6D7F5D0}.Debug|Any CPU.Build.0 = Debug|iPhoneSimulator
		{2C36D4E1-E51D-4903-88DD-31E5A6D7F5D0}.Debug|Any CPU.Deploy.0 = Debug|iPhoneSimulator
		{2C36D4E1-E51D-4903-88DD-31E5A6D7F5D0}.Debug|iPhone.ActiveCfg = Debug|iPhone
		{2C36D4E1-E51D-4903-88DD-31E5A6D7F5D0}.Debug|iPhone.Build.0 = Debug|iPhone
		{2C36D4E1-E51D-4903-88DD-31E5A6D7F5D0}.Debug|iPhone.Deploy.0 = Debug|iPhone
		{2C36D4E1-E51D-4903-88DD-31E5A6D7F5D0}.Debug|iPhoneSimulator.ActiveCfg = Debug|iPhoneSimulator
		{2C36D4E1-E51D-4903-88DD-31E5A6D7F5D0}.Debug|iPhoneSimulator.Build.0 = Debug|iPhoneSimulator
		{2C36D4E1-E51D-4903-88DD-31E5A6D7F5D0}.Debug|iPhoneSimulator.Deploy.0 = Debug|iPhoneSimulator
		{2C36D4E1-E51D-4903-88DD-31E5A6D7F5D0}.Release|Any CPU.ActiveCfg = Release|iPhone
		{2C36D4E1-E51D-4903-88DD-31E5A6D7F5D0}.Release|Any CPU.Build.0 = Release|iPhone
		{2C36D4E1-E51D-4903-88DD-31E5A6D7F5D0}.Release|Any CPU.Deploy.0 = Release|iPhone
		{2C36D4E1-E51D-4903-88DD-31E5A6D7F5D0}.Release|iPhone.ActiveCfg = Release|iPhone
		{2C36D4E1-E51D-4903-88DD-31E5A6D7F5D0}.Release|iPhone.Build.0 = Release|iPhone
		{2C36D4E1-E51D-4903-88DD-31E5A6D7F5D0}.Release|iPhone.Deploy.0 = Release|iPhone
		{2C36D4E1-E51D-4903-88DD-31E5A6D7F5D0}.Release|iPhoneSimulator.ActiveCfg = Release|iPhoneSimulator
		{2C36D4E1-E51D-4903-88DD-31E5A6D7F5D0}.Release|iPhoneSimulator.Build.0 = Release|iPhoneSimulator
		{2C36D4E1-E51D-4903-88DD-31E5A6D7F5D0}.Release|iPhoneSimulator.Deploy.0 = Release|iPhoneSimulator
		{37E0DB04-140A-4575-A387-2FDCB30C81FC}.Ad-Hoc|Any CPU.ActiveCfg = Debug|Any CPU
		{37E0DB04-140A-4575-A387-2FDCB30C81FC}.Ad-Hoc|Any CPU.Build.0 = Debug|Any CPU
		{37E0DB04-140A-4575-A387-2FDCB30C81FC}.Ad-Hoc|Any CPU.Deploy.0 = Debug|Any CPU
		{37E0DB04-140A-4575-A387-2FDCB30C81FC}.Ad-Hoc|iPhone.ActiveCfg = Debug|Any CPU
		{37E0DB04-140A-4575-A387-2FDCB30C81FC}.Ad-Hoc|iPhone.Build.0 = Debug|Any CPU
		{37E0DB04-140A-4575-A387-2FDCB30C81FC}.Ad-Hoc|iPhone.Deploy.0 = Debug|Any CPU
		{37E0DB04-140A-4575-A387-2FDCB30C81FC}.Ad-Hoc|iPhoneSimulator.ActiveCfg = Debug|Any CPU
		{37E0DB04-140A-4575-A387-2FDCB30C81FC}.Ad-Hoc|iPhoneSimulator.Build.0 = Debug|Any CPU
		{37E0DB04-140A-4575-A387-2FDCB30C81FC}.Ad-Hoc|iPhoneSimulator.Deploy.0 = Debug|Any CPU
		{37E0DB04-140A-4575-A387-2FDCB30C81FC}.AppStore|Any CPU.ActiveCfg = Debug|Any CPU
		{37E0DB04-140A-4575-A387-2FDCB30C81FC}.AppStore|Any CPU.Build.0 = Debug|Any CPU
		{37E0DB04-140A-4575-A387-2FDCB30C81FC}.AppStore|Any CPU.Deploy.0 = Debug|Any CPU
		{37E0DB04-140A-4575-A387-2FDCB30C81FC}.AppStore|iPhone.ActiveCfg = Debug|Any CPU
		{37E0DB04-140A-4575-A387-2FDCB30C81FC}.AppStore|iPhone.Build.0 = Debug|Any CPU
		{37E0DB04-140A-4575-A387-2FDCB30C81FC}.AppStore|iPhone.Deploy.0 = Debug|Any CPU
		{37E0DB04-140A-4575-A387-2FDCB30C81FC}.AppStore|iPhoneSimulator.ActiveCfg = Debug|Any CPU
		{37E0DB04-140A-4575-A387-2FDCB30C81FC}.AppStore|iPhoneSimulator.Build.0 = Debug|Any CPU
		{37E0DB04-140A-4575-A387-2FDCB30C81FC}.AppStore|iPhoneSimulator.Deploy.0 = Debug|Any CPU
		{37E0DB04-140A-4575-A387-2FDCB30C81FC}.Debug|Any CPU.ActiveCfg = Debug|Any CPU
		{37E0DB04-140A-4575-A387-2FDCB30C81FC}.Debug|Any CPU.Build.0 = Debug|Any CPU
		{37E0DB04-140A-4575-A387-2FDCB30C81FC}.Debug|Any CPU.Deploy.0 = Debug|Any CPU
		{37E0DB04-140A-4575-A387-2FDCB30C81FC}.Debug|iPhone.ActiveCfg = Debug|Any CPU
		{37E0DB04-140A-4575-A387-2FDCB30C81FC}.Debug|iPhone.Build.0 = Debug|Any CPU
		{37E0DB04-140A-4575-A387-2FDCB30C81FC}.Debug|iPhone.Deploy.0 = Debug|Any CPU
		{37E0DB04-140A-4575-A387-2FDCB30C81FC}.Debug|iPhoneSimulator.ActiveCfg = Debug|Any CPU
		{37E0DB04-140A-4575-A387-2FDCB30C81FC}.Debug|iPhoneSimulator.Build.0 = Debug|Any CPU
		{37E0DB04-140A-4575-A387-2FDCB30C81FC}.Debug|iPhoneSimulator.Deploy.0 = Debug|Any CPU
		{37E0DB04-140A-4575-A387-2FDCB30C81FC}.Release|Any CPU.ActiveCfg = Release|Any CPU
		{37E0DB04-140A-4575-A387-2FDCB30C81FC}.Release|Any CPU.Build.0 = Release|Any CPU
		{37E0DB04-140A-4575-A387-2FDCB30C81FC}.Release|Any CPU.Deploy.0 = Release|Any CPU
		{37E0DB04-140A-4575-A387-2FDCB30C81FC}.Release|iPhone.ActiveCfg = Release|Any CPU
		{37E0DB04-140A-4575-A387-2FDCB30C81FC}.Release|iPhone.Build.0 = Release|Any CPU
		{37E0DB04-140A-4575-A387-2FDCB30C81FC}.Release|iPhone.Deploy.0 = Release|Any CPU
		{37E0DB04-140A-4575-A387-2FDCB30C81FC}.Release|iPhoneSimulator.ActiveCfg = Release|Any CPU
		{37E0DB04-140A-4575-A387-2FDCB30C81FC}.Release|iPhoneSimulator.Build.0 = Release|Any CPU
		{37E0DB04-140A-4575-A387-2FDCB30C81FC}.Release|iPhoneSimulator.Deploy.0 = Release|Any CPU
	EndGlobalSection
	GlobalSection(SolutionProperties) = preSolution
		HideSolutionNode = FALSE
	EndGlobalSection
	GlobalSection(ExtensibilityGlobals) = postSolution
		SolutionGuid = {17D69592-E4F5-4A23-B74A-84D12DA0A9CA}
	EndGlobalSection
EndGlobal
